{
  "name": "zodiaco",
  "version": "1.0.0",
  "lockfileVersion": 1,
  "requires": true,
  "dependencies": {
    "zodiac-signs": {
      "version": "1.1.0",
      "resolved": "https://registry.npmjs.org/zodiac-signs/-/zodiac-signs-1.1.0.tgz",
      "integrity": "sha512-syyPxFcF5CnSmfXw1DU3NEUt7Pk3gccOCNBhEtEyJB0VTySge6o21F+K38YfqcM5mkD59DLuxFB8/vzZ7E1vKQ=="
    }
  }
}
